
Microsoft Visual Studio Solution File, Format Version 12.00
# Visual Studio 2013
VisualStudioVersion = 12.0.21005.1
MinimumVisualStudioVersion = 10.0.40219.1
Project("{FAE04EC0-301F-11D3-BF4B-00C04F79EFBC}") = "Klassen", "Klassen\Klassen.csproj", "{950BE038-1C2B-4F5C-A87C-6210521B02D5}"
EndProject
Project("{FAE04EC0-301F-11D3-BF4B-00C04F79EFBC}") = "WonderZooWeb", "WonderZooWeb\WonderZooWeb.csproj", "{F7CA10DD-34B7-4DE4-8B41-F218CE276A8E}"
EndProject
Global
	GlobalSection(SolutionConfigurationPlatforms) = preSolution
		Debug|Any CPU = Debug|Any CPU
		Release|Any CPU = Release|Any CPU
	EndGlobalSection
	GlobalSection(ProjectConfigurationPlatforms) = postSolution
		{950BE038-1C2B-4F5C-A87C-6210521B02D5}.Debug|Any CPU.ActiveCfg = Debug|Any CPU
		{950BE038-1C2B-4F5C-A87C-6210521B02D5}.Debug|Any CPU.Build.0 = Debug|Any CPU
		{950BE038-1C2B-4F5C-A87C-6210521B02D5}.Release|Any CPU.ActiveCfg = Release|Any CPU
		{950BE038-1C2B-4F5C-A87C-6210521B02D5}.Release|Any CPU.Build.0 = Release|Any CPU
		{F7CA10DD-34B7-4DE4-8B41-F218CE276A8E}.Debug|Any CPU.ActiveCfg = Debug|Any CPU
		{F7CA10DD-34B7-4DE4-8B41-F218CE276A8E}.Debug|Any CPU.Build.0 = Debug|Any CPU
		{F7CA10DD-34B7-4DE4-8B41-F218CE276A8E}.Release|Any CPU.ActiveCfg = Release|Any CPU
		{F7CA10DD-34B7-4DE4-8B41-F218CE276A8E}.Release|Any CPU.Build.0 = Release|Any CPU
	EndGlobalSection
	GlobalSection(SolutionProperties) = preSolution
		HideSolutionNode = FALSE
	EndGlobalSection
EndGlobal
